
Microsoft Visual Studio Solution File, Format Version 12.00
# Visual Studio Version 17
VisualStudioVersion = 17.14.36414.22 d17.14
MinimumVisualStudioVersion = 10.0.40219.1
Project("{FAE04EC0-301F-11D3-BF4B-00C04F79EFBC}") = "PlataformaEducativaWeb", "PlataformaEducativaWeb\PlataformaEducativaWeb.csproj", "{E4B3398E-55CF-4742-A9EA-B186BCD3B185}"
EndProject
Global
	GlobalSection(SolutionConfigurationPlatforms) = preSolution
		Debug|Any CPU = Debug|Any CPU
		Release|Any CPU = Release|Any CPU
	EndGlobalSection
	GlobalSection(ProjectConfigurationPlatforms) = postSolution
		{E4B3398E-55CF-4742-A9EA-B186BCD3B185}.Debug|Any CPU.ActiveCfg = Debug|Any CPU
		{E4B3398E-55CF-4742-A9EA-B186BCD3B185}.Debug|Any CPU.Build.0 = Debug|Any CPU
		{E4B3398E-55CF-4742-A9EA-B186BCD3B185}.Release|Any CPU.ActiveCfg = Release|Any CPU
		{E4B3398E-55CF-4742-A9EA-B186BCD3B185}.Release|Any CPU.Build.0 = Release|Any CPU
	EndGlobalSection
	GlobalSection(SolutionProperties) = preSolution
		HideSolutionNode = FALSE
	EndGlobalSection
	GlobalSection(ExtensibilityGlobals) = postSolution
		SolutionGuid = {92EDBA48-1C17-40E9-AB3B-34FC93A9D6F7}
	EndGlobalSection
EndGlobal
